
Microsoft Visual Studio Solution File, Format Version 12.00
# Visual Studio Version 16
VisualStudioVersion = 16.0.31205.134
MinimumVisualStudioVersion = 10.0.40219.1
Project("{FAE04EC0-301F-11D3-BF4B-00C04F79EFBC}") = "ItransitionCourse", "ItransitionCourse\ItransitionCourse.csproj", "{EB54D803-157F-4A87-85CA-3F859B8CA484}"
EndProject
Global
	GlobalSection(SolutionConfigurationPlatforms) = preSolution
		Debug|Any CPU = Debug|Any CPU
		Release|Any CPU = Release|Any CPU
	EndGlobalSection
	GlobalSection(ProjectConfigurationPlatforms) = postSolution
		{EB54D803-157F-4A87-85CA-3F859B8CA484}.Debug|Any CPU.ActiveCfg = Debug|Any CPU
		{EB54D803-157F-4A87-85CA-3F859B8CA484}.Debug|Any CPU.Build.0 = Debug|Any CPU
		{EB54D803-157F-4A87-85CA-3F859B8CA484}.Release|Any CPU.ActiveCfg = Release|Any CPU
		{EB54D803-157F-4A87-85CA-3F859B8CA484}.Release|Any CPU.Build.0 = Release|Any CPU
	EndGlobalSection
	GlobalSection(SolutionProperties) = preSolution
		HideSolutionNode = FALSE
	EndGlobalSection
	GlobalSection(ExtensibilityGlobals) = postSolution
		SolutionGuid = {AF4A635D-E7FB-4DE8-BE84-A19B772F2B87}
	EndGlobalSection
EndGlobal
